
Microsoft Visual Studio Solution File, Format Version 12.00
# Visual Studio 15
VisualStudioVersion = 15.0.28307.1684
MinimumVisualStudioVersion = 10.0.40219.1
Project("{8BC9CEB8-8B4A-11D0-8D11-00A0C91BC942}") = "4.27", "4.27\4.27.vcxproj", "{65F10ECA-AD73-46AD-8960-4E9EBC10D230}"
EndProject
Global
	GlobalSection(SolutionConfigurationPlatforms) = preSolution
		Debug|x64 = Debug|x64
		Debug|x86 = Debug|x86
		Release|x64 = Release|x64
		Release|x86 = Release|x86
	EndGlobalSection
	GlobalSection(ProjectConfigurationPlatforms) = postSolution
		{65F10ECA-AD73-46AD-8960-4E9EBC10D230}.Debug|x64.ActiveCfg = Debug|x64
		{65F10ECA-AD73-46AD-8960-4E9EBC10D230}.Debug|x64.Build.0 = Debug|x64
		{65F10ECA-AD73-46AD-8960-4E9EBC10D230}.Debug|x86.ActiveCfg = Debug|Win32
		{65F10ECA-AD73-46AD-8960-4E9EBC10D230}.Debug|x86.Build.0 = Debug|Win32
		{65F10ECA-AD73-46AD-8960-4E9EBC10D230}.Release|x64.ActiveCfg = Release|x64
		{65F10ECA-AD73-46AD-8960-4E9EBC10D230}.Release|x64.Build.0 = Release|x64
		{65F10ECA-AD73-46AD-8960-4E9EBC10D230}.Release|x86.ActiveCfg = Release|Win32
		{65F10ECA-AD73-46AD-8960-4E9EBC10D230}.Release|x86.Build.0 = Release|Win32
	EndGlobalSection
	GlobalSection(SolutionProperties) = preSolution
		HideSolutionNode = FALSE
	EndGlobalSection
	GlobalSection(ExtensibilityGlobals) = postSolution
		SolutionGuid = {2CAAA906-41AA-43C2-992D-03176C700670}
	EndGlobalSection
EndGlobal
